// !$*UTF8*$!
{
	archiveVersion = 1;
	classes = {
	};
	objectVersion = 46;
	objects = {

/* Begin PBXBuildFile section */
		DD016B551A38D0B900D2A61F /* AppDelegate.swift in Sources */ = {isa = PBXBuildFile; fileRef = DD016B541A38D0B900D2A61F /* AppDelegate.swift */; };
		DD016B571A38D0B900D2A61F /* ViewController.swift in Sources */ = {isa = PBXBuildFile; fileRef = DD016B561A38D0B900D2A61F /* ViewController.swift */; };
		DD016B5A1A38D0B900D2A61F /* Main.storyboard in Resources */ = {isa = PBXBuildFile; fileRef = DD016B581A38D0B900D2A61F /* Main.storyboard */; };
		DD016B5C1A38D0B900D2A61F /* Images.xcassets in Resources */ = {isa = PBXBuildFile; fileRef = DD016B5B1A38D0B900D2A61F /* Images.xcassets */; };
		DD016B5F1A38D0B900D2A61F /* LaunchScreen.xib in Resources */ = {isa = PBXBuildFile; fileRef = DD016B5D1A38D0B900D2A61F /* LaunchScreen.xib */; };
		DD016B6B1A38D0BA00D2A61F /* Confidence_BoosterTests.swift in Sources */ = {isa = PBXBuildFile; fileRef = DD016B6A1A38D0BA00D2A61F /* Confidence_BoosterTests.swift */; };
/* End PBXBuildFile section */

/* Begin PBXContainerItemProxy section */
		DD016B651A38D0BA00D2A61F /* PBXContainerItemProxy */ = {
			isa = PBXContainerItemProxy;
			containerPortal = DD016B471A38D0B900D2A61F /* Project object */;
			proxyType = 1;
			remoteGlobalIDString = DD016B4E1A38D0B900D2A61F;
			remoteInfo = "Confidence Booster";
		};
/* End PBXContainerItemProxy section */

/* Begin PBXFileReference section */
		DD016B4F1A38D0B900D2A61F /* Confidence Booster.app */ = {isa = PBXFileReference; explicitFileType = wrapper.application; includeInIndex = 0; path = "Confidence Booster.app"; sourceTree = BUILT_PRODUCTS_DIR; };
		DD016B531A38D0B900D2A61F /* Info.plist */ = {isa = PBXFileReference; lastKnownFileType = text.plist.xml; path = Info.plist; sourceTree = "<group>"; };
		DD016B541A38D0B900D2A61F /* AppDelegate.swift */ = {isa = PBXFileReference; lastKnownFileType = sourcecode.swift; path = AppDelegate.swift; sourceTree = "<group>"; };
		DD016B561A38D0B900D2A61F /* ViewController.swift */ = {isa = PBXFileReference; lastKnownFileType = sourcecode.swift; path = ViewController.swift; sourceTree = "<group>"; };
		DD016B591A38D0B900D2A61F /* Base */ = {isa = PBXFileReference; lastKnownFileType = file.storyboard; name = Base; path = Base.lproj/Main.storyboard; sourceTree = "<group>"; };
		DD016B5B1A38D0B900D2A61F /* Images.xcassets */ = {isa = PBXFileReference; lastKnownFileType = folder.assetcatalog; path = Images.xcassets; sourceTree = "<group>"; };
		DD016B5E1A38D0B900D2A61F /* Base */ = {isa = PBXFileReference; lastKnownFileType = file.xib; name = Base; path = Base.lproj/LaunchScreen.xib; sourceTree = "<group>"; };
		DD016B641A38D0BA00D2A61F /* Confidence BoosterTests.xctest */ = {isa = PBXFileReference; explicitFileType = wrapper.cfbundle; includeInIndex = 0; path = "Confidence BoosterTests.xctest"; sourceTree = BUILT_PRODUCTS_DIR; };
		DD016B691A38D0BA00D2A61F /* Info.plist */ = {isa = PBXFileReference; lastKnownFileType = text.plist.xml; path = Info.plist; sourceTree = "<group>"; };
		DD016B6A1A38D0BA00D2A61F /* Confidence_BoosterTests.swift */ = {isa = PBXFileReference; lastKnownFileType = sourcecode.swift; path = Confidence_BoosterTests.swift; sourceTree = "<group>"; };
/* End PBXFileReference section */

/* Begin PBXFrameworksBuildPhase section */
		DD016B4C1A38D0B900D2A61F /* Frameworks */ = {
			isa = PBXFrameworksBuildPhase;
			buildActionMask = 2147483647;
			files = (
			);
			runOnlyForDeploymentPostprocessing = 0;
		};
		DD016B611A38D0BA00D2A61F /* Frameworks */ = {
			isa = PBXFrameworksBuildPhase;
			buildActionMask = 2147483647;
			files = (
			);
			runOnlyForDeploymentPostprocessing = 0;
		};
/* End PBXFrameworksBuildPhase section */

/* Begin PBXGroup section */
		DD016B461A38D0B900D2A61F = {
			isa = PBXGroup;
			children = (
				DD016B511A38D0B900D2A61F /* Confidence Booster */,
				DD016B671A38D0BA00D2A61F /* Confidence BoosterTests */,
				DD016B501A38D0B900D2A61F /* Products */,
			);
			sourceTree = "<group>";
		};
		DD016B501A38D0B900D2A61F /* Products */ = {
			isa = PBXGroup;
			children = (
				DD016B4F1A38D0B900D2A61F /* Confidence Booster.app */,
				DD016B641A38D0BA00D2A61F /* Confidence BoosterTests.xctest */,
			);
			name = Products;
			sourceTree = "<group>";
		};
		DD016B511A38D0B900D2A61F /* Confidence Booster */ = {
			isa = PBXGroup;
			children = (
				DD016B541A38D0B900D2A61F /* AppDelegate.swift */,
				DD016B561A38D0B900D2A61F /* ViewController.swift */,
				DD016B581A38D0B900D2A61F /* Main.storyboard */,
				DD016B5B1A38D0B900D2A61F /* Images.xcassets */,
				DD016B5D1A38D0B900D2A61F /* LaunchScreen.xib */,
				DD016B521A38D0B900D2A61F /* Supporting Files */,
			);
			path = "Confidence Booster";
			sourceTree = "<group>";
		};
		DD016B521A38D0B900D2A61F /* Supporting Files */ = {
			isa = PBXGroup;
			children = (
				DD016B531A38D0B900D2A61F /* Info.plist */,
			);
			name = "Supporting Files";
			sourceTree = "<group>";
		};
		DD016B671A38D0BA00D2A61F /* Confidence BoosterTests */ = {
			isa = PBXGroup;
			children = (
				DD016B6A1A38D0BA00D2A61F /* Confidence_BoosterTests.swift */,
				DD016B681A38D0BA00D2A61F /* Supporting Files */,
			);
			path = "Confidence BoosterTests";
			sourceTree = "<group>";
		};
		DD016B681A38D0BA00D2A61F /* Supporting Files */ = {
			isa = PBXGroup;
			children = (
				DD016B691A38D0BA00D2A61F /* Info.plist */,
			);
			name = "Supporting Files";
			sourceTree = "<group>";
		};
/* End PBXGroup section */

/* Begin PBXNativeTarget section */
		DD016B4E1A38D0B900D2A61F /* Confidence Booster */ = {
			isa = PBXNativeTarget;
			buildConfigurationList = DD016B6E1A38D0BA00D2A61F /* Build configuration list for PBXNativeTarget "Confidence Booster" */;
			buildPhases = (
				DD016B4B1A38D0B900D2A61F /* Sources */,
				DD016B4C1A38D0B900D2A61F /* Frameworks */,
				DD016B4D1A38D0B900D2A61F /* Resources */,
			);
			buildRules = (
			);
			dependencies = (
			);
			name = "Confidence Booster";
			productName = "Confidence Booster";
			productReference = DD016B4F1A38D0B900D2A61F /* Confidence Booster.app */;
			productType = "com.apple.product-type.application";
		};
		DD016B631A38D0BA00D2A61F /* Confidence BoosterTests */ = {
			isa = PBXNativeTarget;
			buildConfigurationList = DD016B711A38D0BA00D2A61F /* Build configuration list for PBXNativeTarget "Confidence BoosterTests" */;
			buildPhases = (
				DD016B601A38D0BA00D2A61F /* Sources */,
				DD016B611A38D0BA00D2A61F /* Frameworks */,
				DD016B621A38D0BA00D2A61F /* Resources */,
			);
			buildRules = (
			);
			dependencies = (
				DD016B661A38D0BA00D2A61F /* PBXTargetDependency */,
			);
			name = "Confidence BoosterTests";
			productName = "Confidence BoosterTests";
			productReference = DD016B641A38D0BA00D2A61F /* Confidence BoosterTests.xctest */;
			productType = "com.apple.product-type.bundle.unit-test";
		};
/* End PBXNativeTarget section */

/* Begin PBXProject section */
		DD016B471A38D0B900D2A61F /* Project object */ = {
			isa = PBXProject;
			attributes = {
				LastUpgradeCheck = 0610;
				ORGANIZATIONNAME = "QuoVadis Gates";
				TargetAttributes = {
					DD016B4E1A38D0B900D2A61F = {
						CreatedOnToolsVersion = 6.1;
					};
					DD016B631A38D0BA00D2A61F = {
						CreatedOnToolsVersion = 6.1;
						TestTargetID = DD016B4E1A38D0B900D2A61F;
					};
				};
			};
			buildConfigurationList = DD016B4A1A38D0B900D2A61F /* Build configuration list for PBXProject "Confidence Booster" */;
			compatibilityVersion = "Xcode 3.2";
			developmentRegion = English;
			hasScannedForEncodings = 0;
			knownRegions = (
				en,
				Base,
			);
			mainGroup = DD016B461A38D0B900D2A61F;
			productRefGroup = DD016B501A38D0B900D2A61F /* Products */;
			projectDirPath = "";
			projectRoot = "";
			targets = (
				DD016B4E1A38D0B900D2A61F /* Confidence Booster */,
				DD016B631A38D0BA00D2A61F /* Confidence BoosterTests */,
			);
		};
/* End PBXProject section */

/* Begin PBXResourcesBuildPhase section */
		DD016B4D1A38D0B900D2A61F /* Resources */ = {
			isa = PBXResourcesBuildPhase;
			buildActionMask = 2147483647;
			files = (
				DD016B5A1A38D0B900D2A61F /* Main.storyboard in Resources */,
				DD016B5F1A38D0B900D2A61F /* LaunchScreen.xib in Resources */,
				DD016B5C1A38D0B900D2A61F /* Images.xcassets in Resources */,
			);
			runOnlyForDeploymentPostprocessing = 0;
		};
		DD016B621A38D0BA00D2A61F /* Resources */ = {
			isa = PBXResourcesBuildPhase;
			buildActionMask = 2147483647;
			files = (
			);
			runOnlyForDeploymentPostprocessing = 0;
		};
/* End PBXResourcesBuildPhase section */

/* Begin PBXSourcesBuildPhase section */
		DD016B4B1A38D0B900D2A61F /* Sources */ = {
			isa = PBXSourcesBuildPhase;
			buildActionMask = 2147483647;
			files = (
				DD016B571A38D0B900D2A61F /* ViewController.swift in Sources */,
				DD016B551A38D0B900D2A61F /* AppDelegate.swift in Sources */,
			);
			runOnlyForDeploymentPostprocessing = 0;
		};
		DD016B601A38D0BA00D2A61F /* Sources */ = {
			isa = PBXSourcesBuildPhase;
			buildActionMask = 2147483647;
			files = (
				DD016B6B1A38D0BA00D2A61F /* Confidence_BoosterTests.swift in Sources */,
			);
			runOnlyForDeploymentPostprocessing = 0;
		};
/* End PBXSourcesBuildPhase section */

/* Begin PBXTargetDependency section */
		DD016B661A38D0BA00D2A61F /* PBXTargetDependency */ = {
			isa = PBXTargetDependency;
			target = DD016B4E1A38D0B900D2A61F /* Confidence Booster */;
			targetProxy = DD016B651A38D0BA00D2A61F /* PBXContainerItemProxy */;
		};
/* End PBXTargetDependency section */

/* Begin PBXVariantGroup section */
		DD016B581A38D0B900D2A61F /* Main.storyboard */ = {
			isa = PBXVariantGroup;
			children = (
				DD016B591A38D0B900D2A61F /* Base */,
			);
			name = Main.storyboard;
			sourceTree = "<group>";
		};
		DD016B5D1A38D0B900D2A61F /* LaunchScreen.xib */ = {
			isa = PBXVariantGroup;
			children = (
				DD016B5E1A38D0B900D2A61F /* Base */,
			);
			name = LaunchScreen.xib;
			sourceTree = "<group>";
		};
/* End PBXVariantGroup section */

/* Begin XCBuildConfiguration section */
		DD016B6C1A38D0BA00D2A61F /* Debug */ = {
			isa = XCBuildConfiguration;
			buildSettings = {
				ALWAYS_SEARCH_USER_PATHS = NO;
				CLANG_CXX_LANGUAGE_STANDARD = "gnu++0x";
				CLANG_CXX_LIBRARY = "libc++";
				CLANG_ENABLE_MODULES = YES;
				CLANG_ENABLE_OBJC_ARC = YES;
				CLANG_WARN_BOOL_CONVERSION = YES;
				CLANG_WARN_CONSTANT_CONVERSION = YES;
				CLANG_WARN_DIRECT_OBJC_ISA_USAGE = YES_ERROR;
				CLANG_WARN_EMPTY_BODY = YES;
				CLANG_WARN_ENUM_CONVERSION = YES;
				CLANG_WARN_INT_CONVERSION = YES;
				CLANG_WARN_OBJC_ROOT_CLASS = YES_ERROR;
				CLANG_WARN_UNREACHABLE_CODE = YES;
				CLANG_WARN__DUPLICATE_METHOD_MATCH = YES;
				"CODE_SIGN_IDENTITY[sdk=iphoneos*]" = "iPhone Developer";
				COPY_PHASE_STRIP = NO;
				ENABLE_STRICT_OBJC_MSGSEND = YES;
				GCC_C_LANGUAGE_STANDARD = gnu99;
				GCC_DYNAMIC_NO_PIC = NO;
				GCC_OPTIMIZATION_LEVEL = 0;
				GCC_PREPROCESSOR_DEFINITIONS = (
					"DEBUG=1",
					"$(inherited)",
				);
				GCC_SYMBOLS_PRIVATE_EXTERN = NO;
				GCC_WARN_64_TO_32_BIT_CONVERSION = YES;
				GCC_WARN_ABOUT_RETURN_TYPE = YES_ERROR;
				GCC_WARN_UNDECLARED_SELECTOR = YES;
				GCC_WARN_UNINITIALIZED_AUTOS = YES_AGGRESSIVE;
				GCC_WARN_UNUSED_FUNCTION = YES;
				GCC_WARN_UNUSED_VARIABLE = YES;
				IPHONEOS_DEPLOYMENT_TARGET = 8.1;
				MTL_ENABLE_DEBUG_INFO = YES;
				ONLY_ACTIVE_ARCH = YES;
				SDKROOT = iphoneos;
				SWIFT_OPTIMIZATION_LEVEL = "-Onone";
			};
			name = Debug;
		};
		DD016B6D1A38D0BA00D2A61F /* Release */ = {
			isa = XCBuildConfiguration;
			buildSettings = {
				ALWAYS_SEARCH_USER_PATHS = NO;
				CLANG_CXX_LANGUAGE_STANDARD = "gnu++0x";
				CLANG_CXX_LIBRARY = "libc++";
				CLANG_ENABLE_MODULES = YES;
				CLANG_ENABLE_OBJC_ARC = YES;
				CLANG_WARN_BOOL_CONVERSION = YES;
				CLANG_WARN_CONSTANT_CONVERSION = YES;
				CLANG_WARN_DIRECT_OBJC_ISA_USAGE = YES_ERROR;
				CLANG_WARN_EMPTY_BODY = YES;
				CLANG_WARN_ENUM_CONVERSION = YES;
				CLANG_WARN_INT_CONVERSION = YES;
				CLANG_WARN_OBJC_ROOT_CLASS = YES_ERROR;
				CLANG_WARN_UNREACHABLE_CODE = YES;
				CLANG_WARN__DUPLICATE_METHOD_MATCH = YES;
				"CODE_SIGN_IDENTITY[sdk=iphoneos*]" = "iPhone Developer";
				COPY_PHASE_STRIP = YES;
				ENABLE_NS_ASSERTIONS = NO;
				ENABLE_STRICT_OBJC_MSGSEND = YES;
				GCC_C_LANGUAGE_STANDARD = gnu99;
				GCC_WARN_64_TO_32_BIT_CONVERSION = YES;
				GCC_WARN_ABOUT_RETURN_TYPE = YES_ERROR;
				GCC_WARN_UNDECLARED_SELECTOR = YES;
				GCC_WARN_UNINITIALIZED_AUTOS = YES_AGGRESSIVE;
				GCC_WARN_UNUSED_FUNCTION = YES;
				GCC_WARN_UNUSED_VARIABLE = YES;
				IPHONEOS_DEPLOYMENT_TARGET = 8.1;
				MTL_ENABLE_DEBUG_INFO = NO;
				SDKROOT = iphoneos;
				VALIDATE_PRODUCT = YES;
			};
			name = Release;
		};
		DD016B6F1A38D0BA00D2A61F /* Debug */ = {
			isa = XCBuildConfiguration;
			buildSettings = {
				ASSETCATALOG_COMPILER_APPICON_NAME = AppIcon;
				INFOPLIST_FILE = "Confidence Booster/Info.plist";
				LD_RUNPATH_SEARCH_PATHS = "$(inherited) @executable_path/Frameworks";
				PRODUCT_NAME = "$(TARGET_NAME)";
			};
			name = Debug;
		};
		DD016B701A38D0BA00D2A61F /* Release */ = {
			isa = XCBuildConfiguration;
			buildSettings = {
				ASSETCATALOG_COMPILER_APPICON_NAME = AppIcon;
				INFOPLIST_FILE = "Confidence Booster/Info.plist";
				LD_RUNPATH_SEARCH_PATHS = "$(inherited) @executable_path/Frameworks";
				PRODUCT_NAME = "$(TARGET_NAME)";
			};
			name = Release;
		};
		DD016B721A38D0BA00D2A61F /* Debug */ = {
			isa = XCBuildConfiguration;
			buildSettings = {
				BUNDLE_LOADER = "$(TEST_HOST)";
				FRAMEWORK_SEARCH_PATHS = (
					"$(SDKROOT)/Developer/Library/Frameworks",
					"$(inherited)",
				);
				GCC_PREPROCESSOR_DEFINITIONS = (
					"DEBUG=1",
					"$(inherited)",
				);
				INFOPLIST_FILE = "Confidence BoosterTests/Info.plist";
				LD_RUNPATH_SEARCH_PATHS = "$(inherited) @executable_path/Frameworks @loader_path/Frameworks";
				PRODUCT_NAME = "$(TARGET_NAME)";
				TEST_HOST = "$(BUILT_PRODUCTS_DIR)/Confidence Booster.app/Confidence Booster";
			};
			name = Debug;
		};
		DD016B731A38D0BA00D2A61F /* Release */ = {
			isa = XCBuildConfiguration;
			buildSettings = {
				BUNDLE_LOADER = "$(TEST_HOST)";
				FRAMEWORK_SEARCH_PATHS = (
					"$(SDKROOT)/Developer/Library/Frameworks",
					"$(inherited)",
				);
				INFOPLIST_FILE = "Confidence BoosterTests/Info.plist";
				LD_RUNPATH_SEARCH_PATHS = "$(inherited) @executable_path/Frameworks @loader_path/Frameworks";
				PRODUCT_NAME = "$(TARGET_NAME)";
				TEST_HOST = "$(BUILT_PRODUCTS_DIR)/Confidence Booster.app/Confidence Booster";
			};
			name = Release;
		};
/* End XCBuildConfiguration section */

/* Begin XCConfigurationList section */
		DD016B4A1A38D0B900D2A61F /* Build configuration list for PBXProject "Confidence Booster" */ = {
			isa = XCConfigurationList;
			buildConfigurations = (
				DD016B6C1A38D0BA00D2A61F /* Debug */,
				DD016B6D1A38D0BA00D2A61F /* Release */,
			);
			defaultConfigurationIsVisible = 0;
			defaultConfigurationName = Release;
		};
		DD016B6E1A38D0BA00D2A61F /* Build configuration list for PBXNativeTarget "Confidence Booster" */ = {
			isa = XCConfigurationList;
			buildConfigurations = (
				DD016B6F1A38D0BA00D2A61F /* Debug */,
				DD016B701A38D0BA00D2A61F /* Release */,
			);
			defaultConfigurationIsVisible = 0;
		};
		DD016B711A38D0BA00D2A61F /* Build configuration list for PBXNativeTarget "Confidence BoosterTests" */ = {
			isa = XCConfigurationList;
			buildConfigurations = (
				DD016B721A38D0BA00D2A61F /* Debug */,
				DD016B731A38D0BA00D2A61F /* Release */,
			);
			defaultConfigurationIsVisible = 0;
		};
/* End XCConfigurationList section */
	};
	rootObject = DD016B471A38D0B900D2A61F /* Project object */;
}
